
Microsoft Visual Studio Solution File, Format Version 12.00
# Visual Studio 14
VisualStudioVersion = 14.0.25420.1
MinimumVisualStudioVersion = 10.0.40219.1
Project("{8BC9CEB8-8B4A-11D0-8D11-00A0C91BC942}") = "MY NDIS 6.0", "MY NDIS 6.0\MyDriver7.vcxproj", "{A0FB100C-0577-4389-8B61-3BD30A505B0E}"
EndProject
Project("{8BC9CEB8-8B4A-11D0-8D11-00A0C91BC942}") = "NdisCoreApi", "NdisCoreApi\NdisCoreApi.vcxproj", "{7E2943AC-8181-47CD-8A23-B973E2CD395A}"
EndProject
Project("{8BC9CEB8-8B4A-11D0-8D11-00A0C91BC942}") = "ConsoleTest", "ConsoleTest\ConsoleTest.vcxproj", "{76491131-2F35-4525-B976-A1E7DBD342CA}"
	ProjectSection(ProjectDependencies) = postProject
		{E84C9229-373F-4683-8CF9-2EECB9029F93} = {E84C9229-373F-4683-8CF9-2EECB9029F93}
		{7E2943AC-8181-47CD-8A23-B973E2CD395A} = {7E2943AC-8181-47CD-8A23-B973E2CD395A}
	EndProjectSection
EndProject
Project("{8BC9CEB8-8B4A-11D0-8D11-00A0C91BC942}") = "RawPacketAnalysis", "RawPacketAnalysis\RawPacketAnalysis.vcxproj", "{E84C9229-373F-4683-8CF9-2EECB9029F93}"
EndProject
Project("{8BC9CEB8-8B4A-11D0-8D11-00A0C91BC942}") = "NetMonitor", "NetMonitor\NetMonitor\NetMonitor.vcxproj", "{ED266BD3-4617-45A3-957D-076715A25A72}"
	ProjectSection(ProjectDependencies) = postProject
		{E84C9229-373F-4683-8CF9-2EECB9029F93} = {E84C9229-373F-4683-8CF9-2EECB9029F93}
		{7E2943AC-8181-47CD-8A23-B973E2CD395A} = {7E2943AC-8181-47CD-8A23-B973E2CD395A}
	EndProjectSection
EndProject
Global
	GlobalSection(SolutionConfigurationPlatforms) = preSolution
		Debug|ARM = Debug|ARM
		Debug|ARM64 = Debug|ARM64
		Debug|x64 = Debug|x64
		Debug|x86 = Debug|x86
		Release|ARM = Release|ARM
		Release|ARM64 = Release|ARM64
		Release|x64 = Release|x64
		Release|x86 = Release|x86
		UnicodeDebug|ARM = UnicodeDebug|ARM
		UnicodeDebug|ARM64 = UnicodeDebug|ARM64
		UnicodeDebug|x64 = UnicodeDebug|x64
		UnicodeDebug|x86 = UnicodeDebug|x86
		UnicodeRelease|ARM = UnicodeRelease|ARM
		UnicodeRelease|ARM64 = UnicodeRelease|ARM64
		UnicodeRelease|x64 = UnicodeRelease|x64
		UnicodeRelease|x86 = UnicodeRelease|x86
	EndGlobalSection
	GlobalSection(ProjectConfigurationPlatforms) = postSolution
		{A0FB100C-0577-4389-8B61-3BD30A505B0E}.Debug|ARM.ActiveCfg = Debug|ARM
		{A0FB100C-0577-4389-8B61-3BD30A505B0E}.Debug|ARM.Build.0 = Debug|ARM
		{A0FB100C-0577-4389-8B61-3BD30A505B0E}.Debug|ARM.Deploy.0 = Debug|ARM
		{A0FB100C-0577-4389-8B61-3BD30A505B0E}.Debug|ARM64.ActiveCfg = Debug|ARM64
		{A0FB100C-0577-4389-8B61-3BD30A505B0E}.Debug|ARM64.Build.0 = Debug|ARM64
		{A0FB100C-0577-4389-8B61-3BD30A505B0E}.Debug|ARM64.Deploy.0 = Debug|ARM64
		{A0FB100C-0577-4389-8B61-3BD30A505B0E}.Debug|x64.ActiveCfg = Debug|x64
		{A0FB100C-0577-4389-8B61-3BD30A505B0E}.Debug|x64.Build.0 = Debug|x64
		{A0FB100C-0577-4389-8B61-3BD30A505B0E}.Debug|x64.Deploy.0 = Debug|x64
		{A0FB100C-0577-4389-8B61-3BD30A505B0E}.Debug|x86.ActiveCfg = Debug|Win32
		{A0FB100C-0577-4389-8B61-3BD30A505B0E}.Debug|x86.Build.0 = Debug|Win32
		{A0FB100C-0577-4389-8B61-3BD30A505B0E}.Debug|x86.Deploy.0 = Debug|Win32
		{A0FB100C-0577-4389-8B61-3BD30A505B0E}.Release|ARM.ActiveCfg = Release|ARM
		{A0FB100C-0577-4389-8B61-3BD30A505B0E}.Release|ARM.Build.0 = Release|ARM
		{A0FB100C-0577-4389-8B61-3BD30A505B0E}.Release|ARM.Deploy.0 = Release|ARM
		{A0FB100C-0577-4389-8B61-3BD30A505B0E}.Release|ARM64.ActiveCfg = Release|ARM64
		{A0FB100C-0577-4389-8B61-3BD30A505B0E}.Release|ARM64.Build.0 = Release|ARM64
		{A0FB100C-0577-4389-8B61-3BD30A505B0E}.Release|ARM64.Deploy.0 = Release|ARM64
		{A0FB100C-0577-4389-8B61-3BD30A505B0E}.Release|x64.ActiveCfg = Release|x64
		{A0FB100C-0577-4389-8B61-3BD30A505B0E}.Release|x64.Build.0 = Release|x64
		{A0FB100C-0577-4389-8B61-3BD30A505B0E}.Release|x64.Deploy.0 = Release|x64
		{A0FB100C-0577-4389-8B61-3BD30A505B0E}.Release|x86.ActiveCfg = Release|Win32
		{A0FB100C-0577-4389-8B61-3BD30A505B0E}.Release|x86.Build.0 = Release|Win32
		{A0FB100C-0577-4389-8B61-3BD30A505B0E}.Release|x86.Deploy.0 = Release|Win32
		{A0FB100C-0577-4389-8B61-3BD30A505B0E}.UnicodeDebug|ARM.ActiveCfg = Debug|ARM
		{A0FB100C-0577-4389-8B61-3BD30A505B0E}.UnicodeDebug|ARM.Build.0 = Debug|ARM
		{A0FB100C-0577-4389-8B61-3BD30A505B0E}.UnicodeDebug|ARM.Deploy.0 = Debug|ARM
		{A0FB100C-0577-4389-8B61-3BD30A505B0E}.UnicodeDebug|ARM64.ActiveCfg = Debug|ARM64
		{A0FB100C-0577-4389-8B61-3BD30A505B0E}.UnicodeDebug|ARM64.Build.0 = Debug|ARM64
		{A0FB100C-0577-4389-8B61-3BD30A505B0E}.UnicodeDebug|ARM64.Deploy.0 = Debug|ARM64
		{A0FB100C-0577-4389-8B61-3BD30A505B0E}.UnicodeDebug|x64.ActiveCfg = Debug|x64
		{A0FB100C-0577-4389-8B61-3BD30A505B0E}.UnicodeDebug|x64.Build.0 = Debug|x64
		{A0FB100C-0577-4389-8B61-3BD30A505B0E}.UnicodeDebug|x64.Deploy.0 = Debug|x64
		{A0FB100C-0577-4389-8B61-3BD30A505B0E}.UnicodeDebug|x86.ActiveCfg = Debug|Win32
		{A0FB100C-0577-4389-8B61-3BD30A505B0E}.UnicodeDebug|x86.Build.0 = Debug|Win32
		{A0FB100C-0577-4389-8B61-3BD30A505B0E}.UnicodeDebug|x86.Deploy.0 = Debug|Win32
		{A0FB100C-0577-4389-8B61-3BD30A505B0E}.UnicodeRelease|ARM.ActiveCfg = Release|ARM
		{A0FB100C-0577-4389-8B61-3BD30A505B0E}.UnicodeRelease|ARM.Build.0 = Release|ARM
		{A0FB100C-0577-4389-8B61-3BD30A505B0E}.UnicodeRelease|ARM.Deploy.0 = Release|ARM
		{A0FB100C-0577-4389-8B61-3BD30A505B0E}.UnicodeRelease|ARM64.ActiveCfg = Release|ARM64
		{A0FB100C-0577-4389-8B61-3BD30A505B0E}.UnicodeRelease|ARM64.Build.0 = Release|ARM64
		{A0FB100C-0577-4389-8B61-3BD30A505B0E}.UnicodeRelease|ARM64.Deploy.0 = Release|ARM64
		{A0FB100C-0577-4389-8B61-3BD30A505B0E}.UnicodeRelease|x64.ActiveCfg = Release|x64
		{A0FB100C-0577-4389-8B61-3BD30A505B0E}.UnicodeRelease|x64.Build.0 = Release|x64
		{A0FB100C-0577-4389-8B61-3BD30A505B0E}.UnicodeRelease|x64.Deploy.0 = Release|x64
		{A0FB100C-0577-4389-8B61-3BD30A505B0E}.UnicodeRelease|x86.ActiveCfg = Release|Win32
		{A0FB100C-0577-4389-8B61-3BD30A505B0E}.UnicodeRelease|x86.Build.0 = Release|Win32
		{A0FB100C-0577-4389-8B61-3BD30A505B0E}.UnicodeRelease|x86.Deploy.0 = Release|Win32
		{7E2943AC-8181-47CD-8A23-B973E2CD395A}.Debug|ARM.ActiveCfg = Debug|Win32
		{7E2943AC-8181-47CD-8A23-B973E2CD395A}.Debug|ARM64.ActiveCfg = Debug|Win32
		{7E2943AC-8181-47CD-8A23-B973E2CD395A}.Debug|x64.ActiveCfg = Debug|x64
		{7E2943AC-8181-47CD-8A23-B973E2CD395A}.Debug|x64.Build.0 = Debug|x64
		{7E2943AC-8181-47CD-8A23-B973E2CD395A}.Debug|x86.ActiveCfg = Debug|Win32
		{7E2943AC-8181-47CD-8A23-B973E2CD395A}.Debug|x86.Build.0 = Debug|Win32
		{7E2943AC-8181-47CD-8A23-B973E2CD395A}.Release|ARM.ActiveCfg = Release|Win32
		{7E2943AC-8181-47CD-8A23-B973E2CD395A}.Release|ARM64.ActiveCfg = Release|Win32
		{7E2943AC-8181-47CD-8A23-B973E2CD395A}.Release|x64.ActiveCfg = Release|x64
		{7E2943AC-8181-47CD-8A23-B973E2CD395A}.Release|x64.Build.0 = Release|x64
		{7E2943AC-8181-47CD-8A23-B973E2CD395A}.Release|x86.ActiveCfg = Release|Win32
		{7E2943AC-8181-47CD-8A23-B973E2CD395A}.Release|x86.Build.0 = Release|Win32
		{7E2943AC-8181-47CD-8A23-B973E2CD395A}.UnicodeDebug|ARM.ActiveCfg = Release|x64
		{7E2943AC-8181-47CD-8A23-B973E2CD395A}.UnicodeDebug|ARM.Build.0 = Release|x64
		{7E2943AC-8181-47CD-8A23-B973E2CD395A}.UnicodeDebug|ARM64.ActiveCfg = Release|x64
		{7E2943AC-8181-47CD-8A23-B973E2CD395A}.UnicodeDebug|ARM64.Build.0 = Release|x64
		{7E2943AC-8181-47CD-8A23-B973E2CD395A}.UnicodeDebug|x64.ActiveCfg = Debug|x64
		{7E2943AC-8181-47CD-8A23-B973E2CD395A}.UnicodeDebug|x64.Build.0 = Debug|x64
		{7E2943AC-8181-47CD-8A23-B973E2CD395A}.UnicodeDebug|x86.ActiveCfg = Debug|Win32
		{7E2943AC-8181-47CD-8A23-B973E2CD395A}.UnicodeDebug|x86.Build.0 = Debug|Win32
		{7E2943AC-8181-47CD-8A23-B973E2CD395A}.UnicodeRelease|ARM.ActiveCfg = Release|x64
		{7E2943AC-8181-47CD-8A23-B973E2CD395A}.UnicodeRelease|ARM.Build.0 = Release|x64
		{7E2943AC-8181-47CD-8A23-B973E2CD395A}.UnicodeRelease|ARM64.ActiveCfg = Release|x64
		{7E2943AC-8181-47CD-8A23-B973E2CD395A}.UnicodeRelease|ARM64.Build.0 = Release|x64
		{7E2943AC-8181-47CD-8A23-B973E2CD395A}.UnicodeRelease|x64.ActiveCfg = Release|x64
		{7E2943AC-8181-47CD-8A23-B973E2CD395A}.UnicodeRelease|x64.Build.0 = Release|x64
		{7E2943AC-8181-47CD-8A23-B973E2CD395A}.UnicodeRelease|x86.ActiveCfg = Release|Win32
		{7E2943AC-8181-47CD-8A23-B973E2CD395A}.UnicodeRelease|x86.Build.0 = Release|Win32
		{76491131-2F35-4525-B976-A1E7DBD342CA}.Debug|ARM.ActiveCfg = Debug|Win32
		{76491131-2F35-4525-B976-A1E7DBD342CA}.Debug|ARM64.ActiveCfg = Debug|Win32
		{76491131-2F35-4525-B976-A1E7DBD342CA}.Debug|x64.ActiveCfg = Debug|x64
		{76491131-2F35-4525-B976-A1E7DBD342CA}.Debug|x64.Build.0 = Debug|x64
		{76491131-2F35-4525-B976-A1E7DBD342CA}.Debug|x86.ActiveCfg = Debug|Win32
		{76491131-2F35-4525-B976-A1E7DBD342CA}.Debug|x86.Build.0 = Debug|Win32
		{76491131-2F35-4525-B976-A1E7DBD342CA}.Release|ARM.ActiveCfg = Release|Win32
		{76491131-2F35-4525-B976-A1E7DBD342CA}.Release|ARM64.ActiveCfg = Release|Win32
		{76491131-2F35-4525-B976-A1E7DBD342CA}.Release|x64.ActiveCfg = Release|x64
		{76491131-2F35-4525-B976-A1E7DBD342CA}.Release|x64.Build.0 = Release|x64
		{76491131-2F35-4525-B976-A1E7DBD342CA}.Release|x86.ActiveCfg = Release|Win32
		{76491131-2F35-4525-B976-A1E7DBD342CA}.Release|x86.Build.0 = Release|Win32
		{76491131-2F35-4525-B976-A1E7DBD342CA}.UnicodeDebug|ARM.ActiveCfg = Release|x64
		{76491131-2F35-4525-B976-A1E7DBD342CA}.UnicodeDebug|ARM.Build.0 = Release|x64
		{76491131-2F35-4525-B976-A1E7DBD342CA}.UnicodeDebug|ARM64.ActiveCfg = Release|x64
		{76491131-2F35-4525-B976-A1E7DBD342CA}.UnicodeDebug|ARM64.Build.0 = Release|x64
		{76491131-2F35-4525-B976-A1E7DBD342CA}.UnicodeDebug|x64.ActiveCfg = Debug|x64
		{76491131-2F35-4525-B976-A1E7DBD342CA}.UnicodeDebug|x64.Build.0 = Debug|x64
		{76491131-2F35-4525-B976-A1E7DBD342CA}.UnicodeDebug|x86.ActiveCfg = Debug|Win32
		{76491131-2F35-4525-B976-A1E7DBD342CA}.UnicodeDebug|x86.Build.0 = Debug|Win32
		{76491131-2F35-4525-B976-A1E7DBD342CA}.UnicodeRelease|ARM.ActiveCfg = Release|x64
		{76491131-2F35-4525-B976-A1E7DBD342CA}.UnicodeRelease|ARM.Build.0 = Release|x64
		{76491131-2F35-4525-B976-A1E7DBD342CA}.UnicodeRelease|ARM64.ActiveCfg = Release|x64
		{76491131-2F35-4525-B976-A1E7DBD342CA}.UnicodeRelease|ARM64.Build.0 = Release|x64
		{76491131-2F35-4525-B976-A1E7DBD342CA}.UnicodeRelease|x64.ActiveCfg = Release|x64
		{76491131-2F35-4525-B976-A1E7DBD342CA}.UnicodeRelease|x64.Build.0 = Release|x64
		{76491131-2F35-4525-B976-A1E7DBD342CA}.UnicodeRelease|x86.ActiveCfg = Release|Win32
		{76491131-2F35-4525-B976-A1E7DBD342CA}.UnicodeRelease|x86.Build.0 = Release|Win32
		{E84C9229-373F-4683-8CF9-2EECB9029F93}.Debug|ARM.ActiveCfg = Debug|Win32
		{E84C9229-373F-4683-8CF9-2EECB9029F93}.Debug|ARM64.ActiveCfg = Debug|Win32
		{E84C9229-373F-4683-8CF9-2EECB9029F93}.Debug|x64.ActiveCfg = Debug|x64
		{E84C9229-373F-4683-8CF9-2EECB9029F93}.Debug|x64.Build.0 = Debug|x64
		{E84C9229-373F-4683-8CF9-2EECB9029F93}.Debug|x86.ActiveCfg = Debug|Win32
		{E84C9229-373F-4683-8CF9-2EECB9029F93}.Debug|x86.Build.0 = Debug|Win32
		{E84C9229-373F-4683-8CF9-2EECB9029F93}.Release|ARM.ActiveCfg = Release|Win32
		{E84C9229-373F-4683-8CF9-2EECB9029F93}.Release|ARM64.ActiveCfg = Release|Win32
		{E84C9229-373F-4683-8CF9-2EECB9029F93}.Release|x64.ActiveCfg = Release|x64
		{E84C9229-373F-4683-8CF9-2EECB9029F93}.Release|x64.Build.0 = Release|x64
		{E84C9229-373F-4683-8CF9-2EECB9029F93}.Release|x86.ActiveCfg = Release|Win32
		{E84C9229-373F-4683-8CF9-2EECB9029F93}.Release|x86.Build.0 = Release|Win32
		{E84C9229-373F-4683-8CF9-2EECB9029F93}.UnicodeDebug|ARM.ActiveCfg = Release|x64
		{E84C9229-373F-4683-8CF9-2EECB9029F93}.UnicodeDebug|ARM.Build.0 = Release|x64
		{E84C9229-373F-4683-8CF9-2EECB9029F93}.UnicodeDebug|ARM64.ActiveCfg = Release|x64
		{E84C9229-373F-4683-8CF9-2EECB9029F93}.UnicodeDebug|ARM64.Build.0 = Release|x64
		{E84C9229-373F-4683-8CF9-2EECB9029F93}.UnicodeDebug|x64.ActiveCfg = Debug|x64
		{E84C9229-373F-4683-8CF9-2EECB9029F93}.UnicodeDebug|x64.Build.0 = Debug|x64
		{E84C9229-373F-4683-8CF9-2EECB9029F93}.UnicodeDebug|x86.ActiveCfg = Debug|Win32
		{E84C9229-373F-4683-8CF9-2EECB9029F93}.UnicodeDebug|x86.Build.0 = Debug|Win32
		{E84C9229-373F-4683-8CF9-2EECB9029F93}.UnicodeRelease|ARM.ActiveCfg = Release|x64
		{E84C9229-373F-4683-8CF9-2EECB9029F93}.UnicodeRelease|ARM.Build.0 = Release|x64
		{E84C9229-373F-4683-8CF9-2EECB9029F93}.UnicodeRelease|ARM64.ActiveCfg = Release|x64
		{E84C9229-373F-4683-8CF9-2EECB9029F93}.UnicodeRelease|ARM64.Build.0 = Release|x64
		{E84C9229-373F-4683-8CF9-2EECB9029F93}.UnicodeRelease|x64.ActiveCfg = Release|x64
		{E84C9229-373F-4683-8CF9-2EECB9029F93}.UnicodeRelease|x64.Build.0 = Release|x64
		{E84C9229-373F-4683-8CF9-2EECB9029F93}.UnicodeRelease|x86.ActiveCfg = Release|Win32
		{E84C9229-373F-4683-8CF9-2EECB9029F93}.UnicodeRelease|x86.Build.0 = Release|Win32
		{ED266BD3-4617-45A3-957D-076715A25A72}.Debug|ARM.ActiveCfg = Debug|Win32
		{ED266BD3-4617-45A3-957D-076715A25A72}.Debug|ARM64.ActiveCfg = Debug|Win32
		{ED266BD3-4617-45A3-957D-076715A25A72}.Debug|x64.ActiveCfg = Debug|x64
		{ED266BD3-4617-45A3-957D-076715A25A72}.Debug|x64.Build.0 = Debug|x64
		{ED266BD3-4617-45A3-957D-076715A25A72}.Debug|x86.ActiveCfg = Debug|Win32
		{ED266BD3-4617-45A3-957D-076715A25A72}.Debug|x86.Build.0 = Debug|Win32
		{ED266BD3-4617-45A3-957D-076715A25A72}.Release|ARM.ActiveCfg = Release|Win32
		{ED266BD3-4617-45A3-957D-076715A25A72}.Release|ARM64.ActiveCfg = Release|Win32
		{ED266BD3-4617-45A3-957D-076715A25A72}.Release|x64.ActiveCfg = Release|x64
		{ED266BD3-4617-45A3-957D-076715A25A72}.Release|x64.Build.0 = Release|x64
		{ED266BD3-4617-45A3-957D-076715A25A72}.Release|x86.ActiveCfg = Release|Win32
		{ED266BD3-4617-45A3-957D-076715A25A72}.Release|x86.Build.0 = Release|Win32
		{ED266BD3-4617-45A3-957D-076715A25A72}.UnicodeDebug|ARM.ActiveCfg = Release|Win32
		{ED266BD3-4617-45A3-957D-076715A25A72}.UnicodeDebug|ARM.Build.0 = Release|Win32
		{ED266BD3-4617-45A3-957D-076715A25A72}.UnicodeDebug|ARM64.ActiveCfg = Release|Win32
		{ED266BD3-4617-45A3-957D-076715A25A72}.UnicodeDebug|ARM64.Build.0 = Release|Win32
		{ED266BD3-4617-45A3-957D-076715A25A72}.UnicodeDebug|x64.ActiveCfg = Debug|x64
		{ED266BD3-4617-45A3-957D-076715A25A72}.UnicodeDebug|x64.Build.0 = Debug|x64
		{ED266BD3-4617-45A3-957D-076715A25A72}.UnicodeDebug|x86.ActiveCfg = Debug|Win32
		{ED266BD3-4617-45A3-957D-076715A25A72}.UnicodeDebug|x86.Build.0 = Debug|Win32
		{ED266BD3-4617-45A3-957D-076715A25A72}.UnicodeRelease|ARM.ActiveCfg = Release|Win32
		{ED266BD3-4617-45A3-957D-076715A25A72}.UnicodeRelease|ARM.Build.0 = Release|Win32
		{ED266BD3-4617-45A3-957D-076715A25A72}.UnicodeRelease|ARM64.ActiveCfg = Release|Win32
		{ED266BD3-4617-45A3-957D-076715A25A72}.UnicodeRelease|ARM64.Build.0 = Release|Win32
		{ED266BD3-4617-45A3-957D-076715A25A72}.UnicodeRelease|x64.ActiveCfg = Release|x64
		{ED266BD3-4617-45A3-957D-076715A25A72}.UnicodeRelease|x64.Build.0 = Release|x64
		{ED266BD3-4617-45A3-957D-076715A25A72}.UnicodeRelease|x86.ActiveCfg = Release|Win32
		{ED266BD3-4617-45A3-957D-076715A25A72}.UnicodeRelease|x86.Build.0 = Release|Win32
	EndGlobalSection
	GlobalSection(SolutionProperties) = preSolution
		HideSolutionNode = FALSE
	EndGlobalSection
EndGlobal
